
Microsoft Visual Studio Solution File, Format Version 12.00
# Visual Studio Version 17
VisualStudioVersion = 17.11.35327.3
MinimumVisualStudioVersion = 10.0.40219.1
Project("{FAE04EC0-301F-11D3-BF4B-00C04F79EFBC}") = "StationService", "StationService\StationService.csproj", "{AF32DDD5-0682-4815-81BD-D78D0D233CCF}"
EndProject
Global
	GlobalSection(SolutionConfigurationPlatforms) = preSolution
		Debug|Any CPU = Debug|Any CPU
		Release|Any CPU = Release|Any CPU
	EndGlobalSection
	GlobalSection(ProjectConfigurationPlatforms) = postSolution
		{AF32DDD5-0682-4815-81BD-D78D0D233CCF}.Debug|Any CPU.ActiveCfg = Debug|Any CPU
		{AF32DDD5-0682-4815-81BD-D78D0D233CCF}.Debug|Any CPU.Build.0 = Debug|Any CPU
		{AF32DDD5-0682-4815-81BD-D78D0D233CCF}.Release|Any CPU.ActiveCfg = Release|Any CPU
		{AF32DDD5-0682-4815-81BD-D78D0D233CCF}.Release|Any CPU.Build.0 = Release|Any CPU
	EndGlobalSection
	GlobalSection(SolutionProperties) = preSolution
		HideSolutionNode = FALSE
	EndGlobalSection
	GlobalSection(ExtensibilityGlobals) = postSolution
		SolutionGuid = {3DBDDB50-8B64-46D7-BA59-D19217FA0318}
	EndGlobalSection
EndGlobal
